{
  "name": "frontend",
  "version": "1.0.0",
  "lockfileVersion": 1,
  "requires": true,
  "dependencies": {
    "create-reactjs-app": {
      "version": "1.0.0",
      "resolved": "https://registry.npmjs.org/create-reactjs-app/-/create-reactjs-app-1.0.0.tgz",
      "integrity": "sha512-37lq09oXYe1nftOcraNJhIvF2WBeiy4JduifL7day0vqRxMMRITu4l1pGGyRoPVYGObLa6Twv293NNecO0+OpA=="
    }
  }
}
